
Microsoft Visual Studio Solution File, Format Version 12.00
# Visual Studio Version 17
VisualStudioVersion = 17.0.31903.59
MinimumVisualStudioVersion = 10.0.40219.1
Project("{9A19103F-16F7-4668-BE54-9A1E7A4F7556}") = "MyWeatherHub", "MyWeatherHub\MyWeatherHub.csproj", "{B1788528-8C43-4239-A42E-FA4491800AE2}"
EndProject
Project("{9A19103F-16F7-4668-BE54-9A1E7A4F7556}") = "Api", "Api\Api.csproj", "{170DC774-255B-4A7E-835F-B4686A5A21AE}"
EndProject
Project("{9A19103F-16F7-4668-BE54-9A1E7A4F7556}") = "ServiceDefaults", "ServiceDefaults\ServiceDefaults.csproj", "{8D351805-F818-4360-B6F6-F5F6931E52FE}"
EndProject
Project("{FAE04EC0-301F-11D3-BF4B-00C04F79EFBC}") = "AppHost", "AppHost\AppHost.csproj", "{28759F85-33CC-4452-BD3C-AF0A4A972279}"
EndProject
Global
	GlobalSection(SolutionConfigurationPlatforms) = preSolution
		Debug|Any CPU = Debug|Any CPU
		Release|Any CPU = Release|Any CPU
	EndGlobalSection
	GlobalSection(ProjectConfigurationPlatforms) = postSolution
		{B1788528-8C43-4239-A42E-FA4491800AE2}.Debug|Any CPU.ActiveCfg = Debug|Any CPU
		{B1788528-8C43-4239-A42E-FA4491800AE2}.Debug|Any CPU.Build.0 = Debug|Any CPU
		{B1788528-8C43-4239-A42E-FA4491800AE2}.Release|Any CPU.ActiveCfg = Release|Any CPU
		{B1788528-8C43-4239-A42E-FA4491800AE2}.Release|Any CPU.Build.0 = Release|Any CPU
		{170DC774-255B-4A7E-835F-B4686A5A21AE}.Debug|Any CPU.ActiveCfg = Debug|Any CPU
		{170DC774-255B-4A7E-835F-B4686A5A21AE}.Debug|Any CPU.Build.0 = Debug|Any CPU
		{170DC774-255B-4A7E-835F-B4686A5A21AE}.Release|Any CPU.ActiveCfg = Release|Any CPU
		{170DC774-255B-4A7E-835F-B4686A5A21AE}.Release|Any CPU.Build.0 = Release|Any CPU
		{8D351805-F818-4360-B6F6-F5F6931E52FE}.Debug|Any CPU.ActiveCfg = Debug|Any CPU
		{8D351805-F818-4360-B6F6-F5F6931E52FE}.Debug|Any CPU.Build.0 = Debug|Any CPU
		{8D351805-F818-4360-B6F6-F5F6931E52FE}.Release|Any CPU.ActiveCfg = Release|Any CPU
		{8D351805-F818-4360-B6F6-F5F6931E52FE}.Release|Any CPU.Build.0 = Release|Any CPU
		{28759F85-33CC-4452-BD3C-AF0A4A972279}.Debug|Any CPU.ActiveCfg = Debug|Any CPU
		{28759F85-33CC-4452-BD3C-AF0A4A972279}.Debug|Any CPU.Build.0 = Debug|Any CPU
		{28759F85-33CC-4452-BD3C-AF0A4A972279}.Release|Any CPU.ActiveCfg = Release|Any CPU
		{28759F85-33CC-4452-BD3C-AF0A4A972279}.Release|Any CPU.Build.0 = Release|Any CPU
	EndGlobalSection
	GlobalSection(SolutionProperties) = preSolution
		HideSolutionNode = FALSE
	EndGlobalSection
	GlobalSection(ExtensibilityGlobals) = postSolution
		SolutionGuid = {CFE6DF03-5079-4051-9B40-CA8BC2460037}
	EndGlobalSection
EndGlobal
